{
  "name": "@hxl-cli/package",
  "version": "0.0.1",
  "lockfileVersion": 3,
  "requires": true,
  "packages": {
    "": {
      "name": "@hxl-cli/package",
      "version": "0.0.1",
      "license": "ISC",
      "dependencies": {
        "@hxl-cli/utils": "file:../../utils/utils",
        "pkg-dir": "^8.0.0"
      }
    },
    "../../utils/utils": {
      "version": "0.0.1",
      "license": "ISC"
    },
    "node_modules/@hxl-cli/utils": {
      "resolved": "../../utils/utils",
      "link": true
    },
    "node_modules/find-up-simple": {
      "version": "1.0.0",
      "resolved": "http://registry.npm.baidu-int.com/find-up-simple/-/find-up-simple-1.0.0.tgz",
      "integrity": "sha512-q7Us7kcjj2VMePAa02hDAF6d+MzsdsAWEwYyOpwUtlerRBkOEPBCRZrAV4XfcSN8fHAgaD0hP7miwoay6DCprw==",
      "license": "MIT",
      "engines": {
        "node": ">=18"
      },
      "funding": {
        "url": "https://github.com/sponsors/sindresorhus"
      }
    },
    "node_modules/pkg-dir": {
      "version": "8.0.0",
      "resolved": "http://registry.npm.baidu-int.com/pkg-dir/-/pkg-dir-8.0.0.tgz",
      "integrity": "sha512-4peoBq4Wks0riS0z8741NVv+/8IiTvqnZAr8QGgtdifrtpdXbNw/FxRS1l6NFqm4EMzuS0EDqNNx4XGaz8cuyQ==",
      "dependencies": {
        "find-up-simple": "^1.0.0"
      },
      "engines": {
        "node": ">=18"
      }
    }
  }
}
