{
  "name": "@hxl-cli/init",
  "version": "0.0.5",
  "lockfileVersion": 3,
  "requires": true,
  "packages": {
    "": {
      "name": "@hxl-cli/init",
      "version": "0.0.5",
      "license": "ISC",
      "dependencies": {
        "@hxl-cli/command": "file:../../models/command"
      }
    },
    "../../models/command": {
      "version": "0.0.5",
      "license": "ISC",
      "dependencies": {
        "colors": "^1.4.0",
        "log": "^6.3.1",
        "semver": "^7.6.2"
      }
    },
    "node_modules/@hxl-cli/command": {
      "resolved": "../../models/command",
      "link": true
    }
  }
}
