{
  "name": "@hxl-cli/init",
  "version": "0.0.6",
  "lockfileVersion": 3,
  "requires": true,
  "packages": {
    "": {
      "name": "@hxl-cli/init",
      "version": "0.0.6",
      "license": "ISC",
      "dependencies": {
        "@hxl-cli/command": "file:../../models/command",
        "@hxl-cli/log": "file:../../utils/log",
        "@hxl-cli/package": "file:../../models/package",
        "@hxl-cli/request": "file:../../utils/request",
        "@hxl-cli/utils": "file:../../utils/utils",
        "ejs": "^3.1.5",
        "fs-extra": "^9.0.1",
        "glob": "^7.1.6",
        "inquirer": "^7.3.3",
        "kebab-case": "^1.0.2",
        "semver": "^7.3.4",
        "user-home": "^3.0.0"
      }
    },
    "../../models/command": {
      "name": "@hxl-cli/command",
      "version": "0.0.6",
      "license": "ISC",
      "dependencies": {
        "colors": "^1.4.0",
        "log": "^6.3.1",
        "semver": "^7.6.2"
      }
    },
    "../../models/package": {
      "name": "@hxl-cli/package",
      "version": "0.0.6",
      "license": "ISC",
      "dependencies": {
        "@hxl-cli/format-path": "file:../../utils/format-path",
        "@hxl-cli/get-npm-info": "file:../../utils/get-npm-info",
        "@hxl-cli/utils": "file:../../utils/utils",
        "fs-extra": "^11.2.0",
        "npminstall": "^7.12.0",
        "path-exists": "^4.0.0",
        "pkg-dir": "^5.0.0"
      }
    },
    "../../modles/package": {
      "extraneous": true
    },
    "../../utils/log": {
      "name": "@hxl-cli/log",
      "version": "0.0.6",
      "license": "ISC",
      "devDependencies": {
        "npmlog": "^7.0.1"
      }
    },
    "../../utils/request": {
      "name": "@hxl-cli/request",
      "version": "0.0.6",
      "license": "ISC",
      "dependencies": {
        "axios": "^1.6.8"
      }
    },
    "../../utils/utils": {
      "name": "@hxl-cli/utils",
      "version": "0.0.6",
      "license": "ISC",
      "dependencies": {
        "cli-spinner": "^0.2.10"
      }
    },
    "node_modules/@hxl-cli/command": {
      "resolved": "../../models/command",
      "link": true
    },
    "node_modules/@hxl-cli/log": {
      "resolved": "../../utils/log",
      "link": true
    },
    "node_modules/@hxl-cli/package": {
      "resolved": "../../models/package",
      "link": true
    },
    "node_modules/@hxl-cli/request": {
      "resolved": "../../utils/request",
      "link": true
    },
    "node_modules/@hxl-cli/utils": {
      "resolved": "../../utils/utils",
      "link": true
    },
    "node_modules/ansi-escapes": {
      "version": "4.3.2",
      "resolved": "http://registry.npm.baidu-int.com/ansi-escapes/-/ansi-escapes-4.3.2.tgz",
      "integrity": "sha1-ayKR0dt9mLZSHV8e+kLQ86n+tl4=",
      "license": "MIT",
      "dependencies": {
        "type-fest": "^0.21.3"
      },
      "engines": {
        "node": ">=8"
      },
      "funding": {
        "url": "https://github.com/sponsors/sindresorhus"
      }
    },
    "node_modules/ansi-regex": {
      "version": "5.0.1",
      "resolved": "http://registry.npm.baidu-int.com/ansi-regex/-/ansi-regex-5.0.1.tgz",
      "integrity": "sha1-CCyyyJyf6GWaMRpTvWpNxTAdswQ=",
      "license": "MIT",
      "engines": {
        "node": ">=8"
      }
    },
    "node_modules/ansi-styles": {
      "version": "4.3.0",
      "resolved": "http://registry.npm.baidu-int.com/ansi-styles/-/ansi-styles-4.3.0.tgz",
      "integrity": "sha512-zbB9rCJAT1rbjiVDb2hqKFHNYLxgtk8NURxZ3IZwD3F6NtxbXZQCnnSi1Lkx+IDohdPlFp222wVALIheZJQSEg==",
      "license": "MIT",
      "dependencies": {
        "color-convert": "^2.0.1"
      },
      "engines": {
        "node": ">=8"
      },
      "funding": {
        "url": "https://github.com/chalk/ansi-styles?sponsor=1"
      }
    },
    "node_modules/async": {
      "version": "3.2.5",
      "resolved": "http://registry.npm.baidu-int.com/async/-/async-3.2.5.tgz",
      "integrity": "sha512-baNZyqaaLhyLVKm/DlvdW051MSgO6b8eVfIezl9E5PqWxFgzLm/wQntEW4zOytVburDEr0JlALEpdOFwvErLsg=="
    },
    "node_modules/at-least-node": {
      "version": "1.0.0",
      "resolved": "http://registry.npm.baidu-int.com/at-least-node/-/at-least-node-1.0.0.tgz",
      "integrity": "sha1-YCzUtG6EStTv/JKoARo8RuAjjcI=",
      "license": "ISC",
      "engines": {
        "node": ">= 4.0.0"
      }
    },
    "node_modules/balanced-match": {
      "version": "1.0.2",
      "resolved": "http://registry.npm.baidu-int.com/balanced-match/-/balanced-match-1.0.2.tgz",
      "integrity": "sha1-6D46fj8wCzTLnYf2FfoMvzV2kO4=",
      "license": "MIT"
    },
    "node_modules/brace-expansion": {
      "version": "1.1.11",
      "resolved": "http://registry.npm.baidu-int.com/brace-expansion/-/brace-expansion-1.1.11.tgz",
      "integrity": "sha1-PH/L9SnYcibz0vUrlm/1Jx60Qd0=",
      "license": "MIT",
      "dependencies": {
        "balanced-match": "^1.0.0",
        "concat-map": "0.0.1"
      }
    },
    "node_modules/chalk": {
      "version": "4.1.2",
      "resolved": "http://registry.npm.baidu-int.com/chalk/-/chalk-4.1.2.tgz",
      "integrity": "sha512-oKnbhFyRIXpUuez8iBMmyEa4nbj4IOQyuhc/wy9kY7/WVPcwIO9VA668Pu8RkO7+0G76SLROeyw9CpQ061i4mA==",
      "license": "MIT",
      "dependencies": {
        "ansi-styles": "^4.1.0",
        "supports-color": "^7.1.0"
      },
      "engines": {
        "node": ">=10"
      },
      "funding": {
        "url": "https://github.com/chalk/chalk?sponsor=1"
      }
    },
    "node_modules/chardet": {
      "version": "0.7.0",
      "resolved": "http://registry.npm.baidu-int.com/chardet/-/chardet-0.7.0.tgz",
      "integrity": "sha1-kAlISfCTfy7twkJdDSip5fDLrZ4=",
      "license": "MIT"
    },
    "node_modules/cli-cursor": {
      "version": "3.1.0",
      "resolved": "http://registry.npm.baidu-int.com/cli-cursor/-/cli-cursor-3.1.0.tgz",
      "integrity": "sha1-JkMFp65JDR0Dvwybp8kl0XU68wc=",
      "license": "MIT",
      "dependencies": {
        "restore-cursor": "^3.1.0"
      },
      "engines": {
        "node": ">=8"
      }
    },
    "node_modules/cli-width": {
      "version": "3.0.0",
      "resolved": "http://registry.npm.baidu-int.com/cli-width/-/cli-width-3.0.0.tgz",
      "integrity": "sha1-ovSEN6LKqaIkNueUvwceyeYc7fY=",
      "license": "ISC",
      "engines": {
        "node": ">= 10"
      }
    },
    "node_modules/color-convert": {
      "version": "2.0.1",
      "resolved": "http://registry.npm.baidu-int.com/color-convert/-/color-convert-2.0.1.tgz",
      "integrity": "sha1-ctOmjVmMm9s68q0ehPIdiWq9TeM=",
      "license": "MIT",
      "dependencies": {
        "color-name": "~1.1.4"
      },
      "engines": {
        "node": ">=7.0.0"
      }
    },
    "node_modules/color-name": {
      "version": "1.1.4",
      "resolved": "http://registry.npm.baidu-int.com/color-name/-/color-name-1.1.4.tgz",
      "integrity": "sha1-wqCah6y95pVD3m9j+jmVyCbFNqI=",
      "license": "MIT"
    },
    "node_modules/concat-map": {
      "version": "0.0.1",
      "resolved": "http://registry.npm.baidu-int.com/concat-map/-/concat-map-0.0.1.tgz",
      "integrity": "sha1-2Klr13/Wjfd5OnMDajug1UBdR3s=",
      "license": "MIT"
    },
    "node_modules/ejs": {
      "version": "3.1.5",
      "resolved": "http://registry.npm.baidu-int.com/ejs/-/ejs-3.1.5.tgz",
      "integrity": "sha512-dldq3ZfFtgVTJMLjOe+/3sROTzALlL9E34V4/sDtUd/KlBSS0s6U1/+WPE1B4sj9CXHJpL1M6rhNJnc9Wbal9w==",
      "license": "Apache-2.0",
      "dependencies": {
        "jake": "^10.6.1"
      },
      "bin": {
        "ejs": "bin/cli.js"
      },
      "engines": {
        "node": ">=0.10.0"
      }
    },
    "node_modules/emoji-regex": {
      "version": "8.0.0",
      "resolved": "http://registry.npm.baidu-int.com/emoji-regex/-/emoji-regex-8.0.0.tgz",
      "integrity": "sha1-6Bj9ac5cz8tARZT4QpY79TFkzDc=",
      "license": "MIT"
    },
    "node_modules/escape-string-regexp": {
      "version": "1.0.5",
      "resolved": "http://registry.npm.baidu-int.com/escape-string-regexp/-/escape-string-regexp-1.0.5.tgz",
      "integrity": "sha1-G2HAViGQqN/2rjuyzwIAyhMLhtQ=",
      "license": "MIT",
      "engines": {
        "node": ">=0.8.0"
      }
    },
    "node_modules/external-editor": {
      "version": "3.1.0",
      "resolved": "http://registry.npm.baidu-int.com/external-editor/-/external-editor-3.1.0.tgz",
      "integrity": "sha1-ywP3QL764D6k0oPK7SdBqD8zVJU=",
      "license": "MIT",
      "dependencies": {
        "chardet": "^0.7.0",
        "iconv-lite": "^0.4.24",
        "tmp": "^0.0.33"
      },
      "engines": {
        "node": ">=4"
      }
    },
    "node_modules/figures": {
      "version": "3.2.0",
      "resolved": "http://registry.npm.baidu-int.com/figures/-/figures-3.2.0.tgz",
      "integrity": "sha1-YlwYvSk8YE3EqN2y/r8MiDQXRq8=",
      "license": "MIT",
      "dependencies": {
        "escape-string-regexp": "^1.0.5"
      },
      "engines": {
        "node": ">=8"
      },
      "funding": {
        "url": "https://github.com/sponsors/sindresorhus"
      }
    },
    "node_modules/filelist": {
      "version": "1.0.4",
      "resolved": "http://registry.npm.baidu-int.com/filelist/-/filelist-1.0.4.tgz",
      "integrity": "sha512-w1cEuf3S+DrLCQL7ET6kz+gmlJdbq9J7yXCSjK/OZCPA+qEN1WyF4ZAf0YYJa4/shHJra2t/d/r8SV4Ji+x+8Q==",
      "license": "Apache-2.0",
      "dependencies": {
        "minimatch": "^5.0.1"
      }
    },
    "node_modules/filelist/node_modules/brace-expansion": {
      "version": "2.0.1",
      "resolved": "http://registry.npm.baidu-int.com/brace-expansion/-/brace-expansion-2.0.1.tgz",
      "integrity": "sha1-HtxFng8MVISG7Pn8mfIiE2S5oK4=",
      "license": "MIT",
      "dependencies": {
        "balanced-match": "^1.0.0"
      }
    },
    "node_modules/filelist/node_modules/minimatch": {
      "version": "5.1.6",
      "resolved": "http://registry.npm.baidu-int.com/minimatch/-/minimatch-5.1.6.tgz",
      "integrity": "sha512-lKwV/1brpG6mBUFHtb7NUmtABCb2WZZmm2wNiOA5hAb8VdCS4B3dtMWyvcoViccwAW/COERjXLt0zP1zXUN26g==",
      "dependencies": {
        "brace-expansion": "^2.0.1"
      },
      "engines": {
        "node": ">=10"
      }
    },
    "node_modules/fs-extra": {
      "version": "9.0.1",
      "resolved": "http://registry.npm.baidu-int.com/fs-extra/-/fs-extra-9.0.1.tgz",
      "integrity": "sha1-kQ2gBiQ3ukw5/t2GPxZ1zP78ufw=",
      "license": "MIT",
      "dependencies": {
        "at-least-node": "^1.0.0",
        "graceful-fs": "^4.2.0",
        "jsonfile": "^6.0.1",
        "universalify": "^1.0.0"
      },
      "engines": {
        "node": ">=10"
      }
    },
    "node_modules/fs.realpath": {
      "version": "1.0.0",
      "resolved": "http://registry.npm.baidu-int.com/fs.realpath/-/fs.realpath-1.0.0.tgz",
      "integrity": "sha1-FQStJSMVjKpA20onh8sBQRmU6k8=",
      "license": "ISC"
    },
    "node_modules/glob": {
      "version": "7.1.6",
      "resolved": "http://registry.npm.baidu-int.com/glob/-/glob-7.1.6.tgz",
      "integrity": "sha512-LwaxwyZ72Lk7vZINtNNrywX0ZuLyStrdDtabefZKAY5ZGJhVtgdznluResxNmPitE0SAO+O26sWTHeKSI2wMBA==",
      "license": "ISC",
      "dependencies": {
        "fs.realpath": "^1.0.0",
        "inflight": "^1.0.4",
        "inherits": "2",
        "minimatch": "^3.0.4",
        "once": "^1.3.0",
        "path-is-absolute": "^1.0.0"
      },
      "engines": {
        "node": "*"
      },
      "funding": {
        "url": "https://github.com/sponsors/isaacs"
      }
    },
    "node_modules/graceful-fs": {
      "version": "4.2.11",
      "resolved": "http://registry.npm.baidu-int.com/graceful-fs/-/graceful-fs-4.2.11.tgz",
      "integrity": "sha512-RbJ5/jmFcNNCcDV5o9eTnBLJ/HszWV0P73bc+Ff4nS/rJj+YaS6IGyiOL0VoBYX+l1Wrl3k63h/KrH+nhJ0XvQ=="
    },
    "node_modules/has-flag": {
      "version": "4.0.0",
      "resolved": "http://registry.npm.baidu-int.com/has-flag/-/has-flag-4.0.0.tgz",
      "integrity": "sha1-lEdx/ZyByBJlxNaUGGDaBrtZR5s=",
      "license": "MIT",
      "engines": {
        "node": ">=8"
      }
    },
    "node_modules/iconv-lite": {
      "version": "0.4.24",
      "resolved": "http://registry.npm.baidu-int.com/iconv-lite/-/iconv-lite-0.4.24.tgz",
      "integrity": "sha1-ICK0sl+93CHS9SSXSkdKr+czkIs=",
      "license": "MIT",
      "dependencies": {
        "safer-buffer": ">= 2.1.2 < 3"
      },
      "engines": {
        "node": ">=0.10.0"
      }
    },
    "node_modules/inflight": {
      "version": "1.0.6",
      "resolved": "http://registry.npm.baidu-int.com/inflight/-/inflight-1.0.6.tgz",
      "integrity": "sha1-Sb1jMdfQLQwJvJEKEHW6gWW1bfk=",
      "license": "ISC",
      "dependencies": {
        "once": "^1.3.0",
        "wrappy": "1"
      }
    },
    "node_modules/inherits": {
      "version": "2.0.4",
      "resolved": "http://registry.npm.baidu-int.com/inherits/-/inherits-2.0.4.tgz",
      "integrity": "sha1-D6LGT5MpF8NDOg3tVTY6rjdBa3w=",
      "license": "ISC"
    },
    "node_modules/inquirer": {
      "version": "7.3.3",
      "resolved": "http://registry.npm.baidu-int.com/inquirer/-/inquirer-7.3.3.tgz",
      "integrity": "sha512-JG3eIAj5V9CwcGvuOmoo6LB9kbAYT8HXffUl6memuszlwDC/qvFAJw49XJ5NROSFNPxp3iQg1GqkFhaY/CR0IA==",
      "license": "MIT",
      "dependencies": {
        "ansi-escapes": "^4.2.1",
        "chalk": "^4.1.0",
        "cli-cursor": "^3.1.0",
        "cli-width": "^3.0.0",
        "external-editor": "^3.0.3",
        "figures": "^3.0.0",
        "lodash": "^4.17.19",
        "mute-stream": "0.0.8",
        "run-async": "^2.4.0",
        "rxjs": "^6.6.0",
        "string-width": "^4.1.0",
        "strip-ansi": "^6.0.0",
        "through": "^2.3.6"
      },
      "engines": {
        "node": ">=8.0.0"
      }
    },
    "node_modules/is-fullwidth-code-point": {
      "version": "3.0.0",
      "resolved": "http://registry.npm.baidu-int.com/is-fullwidth-code-point/-/is-fullwidth-code-point-3.0.0.tgz",
      "integrity": "sha1-8Rb4Bk/pCz94RKOJl8C3UFEmnx0=",
      "license": "MIT",
      "engines": {
        "node": ">=8"
      }
    },
    "node_modules/jake": {
      "version": "10.9.1",
      "resolved": "http://registry.npm.baidu-int.com/jake/-/jake-10.9.1.tgz",
      "integrity": "sha512-61btcOHNnLnsOdtLgA5efqQWjnSi/vow5HbI7HMdKKWqvrKR1bLK3BPlJn9gcSaP2ewuamUSMB5XEy76KUIS2w==",
      "dependencies": {
        "async": "^3.2.3",
        "chalk": "^4.0.2",
        "filelist": "^1.0.4",
        "minimatch": "^3.1.2"
      },
      "bin": {
        "jake": "bin/cli.js"
      },
      "engines": {
        "node": ">=10"
      }
    },
    "node_modules/jsonfile": {
      "version": "6.1.0",
      "resolved": "http://registry.npm.baidu-int.com/jsonfile/-/jsonfile-6.1.0.tgz",
      "integrity": "sha1-vFWyY0eTxnnsZAMJTrE2mKbsCq4=",
      "license": "MIT",
      "dependencies": {
        "universalify": "^2.0.0"
      },
      "optionalDependencies": {
        "graceful-fs": "^4.1.6"
      }
    },
    "node_modules/jsonfile/node_modules/universalify": {
      "version": "2.0.1",
      "resolved": "http://registry.npm.baidu-int.com/universalify/-/universalify-2.0.1.tgz",
      "integrity": "sha512-gptHNQghINnc/vTGIk0SOFGFNXw7JVrlRUtConJRlvaw6DuX0wO5Jeko9sWrMBhh+PsYAZ7oXAiOnf/UKogyiw==",
      "engines": {
        "node": ">= 10.0.0"
      }
    },
    "node_modules/kebab-case": {
      "version": "1.0.2",
      "resolved": "http://registry.npm.baidu-int.com/kebab-case/-/kebab-case-1.0.2.tgz",
      "integrity": "sha512-7n6wXq4gNgBELfDCpzKc+mRrZFs7D+wgfF5WRFLNAr4DA/qtr9Js8uOAVAfHhuLMfAcQ0pRKqbpjx+TcJVdE1Q==",
      "license": "MIT"
    },
    "node_modules/lodash": {
      "version": "4.17.21",
      "resolved": "http://registry.npm.baidu-int.com/lodash/-/lodash-4.17.21.tgz",
      "integrity": "sha512-v2kDEe57lecTulaDIuNTPy3Ry4gLGJ6Z1O3vE1krgXZNrsQ+LFTGHVxVjcXPs17LhbZVGedAJv8XZ1tvj5FvSg==",
      "license": "MIT"
    },
    "node_modules/lru-cache": {
      "version": "6.0.0",
      "resolved": "http://registry.npm.baidu-int.com/lru-cache/-/lru-cache-6.0.0.tgz",
      "integrity": "sha1-bW/mVw69lqr5D8rR2vo7JWbbOpQ=",
      "license": "ISC",
      "dependencies": {
        "yallist": "^4.0.0"
      },
      "engines": {
        "node": ">=10"
      }
    },
    "node_modules/mimic-fn": {
      "version": "2.1.0",
      "resolved": "http://registry.npm.baidu-int.com/mimic-fn/-/mimic-fn-2.1.0.tgz",
      "integrity": "sha1-ftLCzMyvhNP/y3pptXcR/CCDQBs=",
      "license": "MIT",
      "engines": {
        "node": ">=6"
      }
    },
    "node_modules/minimatch": {
      "version": "3.1.2",
      "resolved": "http://registry.npm.baidu-int.com/minimatch/-/minimatch-3.1.2.tgz",
      "integrity": "sha512-J7p63hRiAjw1NDEww1W7i37+ByIrOWO5XQQAzZ3VOcL0PNybwpfmV/N05zFAzwQ9USyEcX6t3UO+K5aqBQOIHw==",
      "license": "ISC",
      "dependencies": {
        "brace-expansion": "^1.1.7"
      },
      "engines": {
        "node": "*"
      }
    },
    "node_modules/mute-stream": {
      "version": "0.0.8",
      "resolved": "http://registry.npm.baidu-int.com/mute-stream/-/mute-stream-0.0.8.tgz",
      "integrity": "sha1-FjDEKyJR/4HiooPelqVJfqkuXg0=",
      "license": "ISC"
    },
    "node_modules/once": {
      "version": "1.4.0",
      "resolved": "http://registry.npm.baidu-int.com/once/-/once-1.4.0.tgz",
      "integrity": "sha1-WDsap3WWHUsROsF9nFC6753Xa9E=",
      "license": "ISC",
      "dependencies": {
        "wrappy": "1"
      }
    },
    "node_modules/onetime": {
      "version": "5.1.2",
      "resolved": "http://registry.npm.baidu-int.com/onetime/-/onetime-5.1.2.tgz",
      "integrity": "sha1-0Oluu1awdHbfHdnEgG5SN5hcpF4=",
      "license": "MIT",
      "dependencies": {
        "mimic-fn": "^2.1.0"
      },
      "engines": {
        "node": ">=6"
      },
      "funding": {
        "url": "https://github.com/sponsors/sindresorhus"
      }
    },
    "node_modules/os-homedir": {
      "version": "1.0.2",
      "resolved": "http://registry.npm.baidu-int.com/os-homedir/-/os-homedir-1.0.2.tgz",
      "integrity": "sha512-B5JU3cabzk8c67mRRd3ECmROafjYMXbuzlwtqdM8IbS8ktlTix8aFGb2bAGKrSRIlnfKwovGUUr72JUPyOb6kQ==",
      "license": "MIT",
      "engines": {
        "node": ">=0.10.0"
      }
    },
    "node_modules/os-tmpdir": {
      "version": "1.0.2",
      "resolved": "http://registry.npm.baidu-int.com/os-tmpdir/-/os-tmpdir-1.0.2.tgz",
      "integrity": "sha1-u+Z0BseaqFxc/sdm/lc0VV36EnQ=",
      "license": "MIT",
      "engines": {
        "node": ">=0.10.0"
      }
    },
    "node_modules/path-is-absolute": {
      "version": "1.0.1",
      "resolved": "http://registry.npm.baidu-int.com/path-is-absolute/-/path-is-absolute-1.0.1.tgz",
      "integrity": "sha1-F0uSaHNVNP+8es5r9TpanhtcX18=",
      "license": "MIT",
      "engines": {
        "node": ">=0.10.0"
      }
    },
    "node_modules/restore-cursor": {
      "version": "3.1.0",
      "resolved": "http://registry.npm.baidu-int.com/restore-cursor/-/restore-cursor-3.1.0.tgz",
      "integrity": "sha1-OfZ8VLOnpYzqUjbZXPADQjljH34=",
      "license": "MIT",
      "dependencies": {
        "onetime": "^5.1.0",
        "signal-exit": "^3.0.2"
      },
      "engines": {
        "node": ">=8"
      }
    },
    "node_modules/run-async": {
      "version": "2.4.1",
      "resolved": "http://registry.npm.baidu-int.com/run-async/-/run-async-2.4.1.tgz",
      "integrity": "sha1-hEDsz5nqPnC9QJ1JqriOEMGJpFU=",
      "license": "MIT",
      "engines": {
        "node": ">=0.12.0"
      }
    },
    "node_modules/rxjs": {
      "version": "6.6.7",
      "resolved": "http://registry.npm.baidu-int.com/rxjs/-/rxjs-6.6.7.tgz",
      "integrity": "sha512-hTdwr+7yYNIT5n4AMYp85KA6yw2Va0FLa3Rguvbpa4W3I5xynaBZo41cM3XM+4Q6fRMj3sBYIR1VAmZMXYJvRQ==",
      "license": "Apache-2.0",
      "dependencies": {
        "tslib": "^1.9.0"
      },
      "engines": {
        "npm": ">=2.0.0"
      }
    },
    "node_modules/safer-buffer": {
      "version": "2.1.2",
      "resolved": "http://registry.npm.baidu-int.com/safer-buffer/-/safer-buffer-2.1.2.tgz",
      "integrity": "sha1-RPoWGwGHuVSd2Eu5GAL5vYOFzWo=",
      "license": "MIT"
    },
    "node_modules/semver": {
      "version": "7.3.4",
      "resolved": "http://registry.npm.baidu-int.com/semver/-/semver-7.3.4.tgz",
      "integrity": "sha512-tCfb2WLjqFAtXn4KEdxIhalnRtoKFN7nAwj0B3ZXCbQloV2tq5eDbcTmT68JJD3nRJq24/XgxtQKFIpQdtvmVw==",
      "license": "ISC",
      "dependencies": {
        "lru-cache": "^6.0.0"
      },
      "bin": {
        "semver": "bin/semver.js"
      },
      "engines": {
        "node": ">=10"
      }
    },
    "node_modules/signal-exit": {
      "version": "3.0.7",
      "resolved": "http://registry.npm.baidu-int.com/signal-exit/-/signal-exit-3.0.7.tgz",
      "integrity": "sha512-wnD2ZE+l+SPC/uoS0vXeE9L1+0wuaMqKlfz9AMUo38JsyLSBWSFcHR1Rri62LZc12vLr1gb3jl7iwQhgwpAbGQ==",
      "license": "ISC"
    },
    "node_modules/string-width": {
      "version": "4.2.3",
      "resolved": "http://registry.npm.baidu-int.com/string-width/-/string-width-4.2.3.tgz",
      "integrity": "sha1-JpxxF9J7Ba0uU2gwqOyJXvnG0BA=",
      "license": "MIT",
      "dependencies": {
        "emoji-regex": "^8.0.0",
        "is-fullwidth-code-point": "^3.0.0",
        "strip-ansi": "^6.0.1"
      },
      "engines": {
        "node": ">=8"
      }
    },
    "node_modules/strip-ansi": {
      "version": "6.0.1",
      "resolved": "http://registry.npm.baidu-int.com/strip-ansi/-/strip-ansi-6.0.1.tgz",
      "integrity": "sha1-nibGPTD1NEPpSJSVshBdN7Z6hdk=",
      "license": "MIT",
      "dependencies": {
        "ansi-regex": "^5.0.1"
      },
      "engines": {
        "node": ">=8"
      }
    },
    "node_modules/supports-color": {
      "version": "7.2.0",
      "resolved": "http://registry.npm.baidu-int.com/supports-color/-/supports-color-7.2.0.tgz",
      "integrity": "sha1-G33NyzK4E4gBs+R4umpRyqiWSNo=",
      "license": "MIT",
      "dependencies": {
        "has-flag": "^4.0.0"
      },
      "engines": {
        "node": ">=8"
      }
    },
    "node_modules/through": {
      "version": "2.3.8",
      "resolved": "http://registry.npm.baidu-int.com/through/-/through-2.3.8.tgz",
      "integrity": "sha1-DdTJ/6q8NXlgsbckEV1+Doai4fU=",
      "license": "MIT"
    },
    "node_modules/tmp": {
      "version": "0.0.33",
      "resolved": "http://registry.npm.baidu-int.com/tmp/-/tmp-0.0.33.tgz",
      "integrity": "sha1-bTQzWIl2jSGyvNoKonfO07G/rfk=",
      "license": "MIT",
      "dependencies": {
        "os-tmpdir": "~1.0.2"
      },
      "engines": {
        "node": ">=0.6.0"
      }
    },
    "node_modules/tslib": {
      "version": "1.14.1",
      "resolved": "http://registry.npm.baidu-int.com/tslib/-/tslib-1.14.1.tgz",
      "integrity": "sha512-Xni35NKzjgMrwevysHTCArtLDpPvye8zV/0E4EyYn43P7/7qvQwPh9BGkHewbMulVntbigmcT7rdX3BNo9wRJg==",
      "license": "0BSD"
    },
    "node_modules/type-fest": {
      "version": "0.21.3",
      "resolved": "http://registry.npm.baidu-int.com/type-fest/-/type-fest-0.21.3.tgz",
      "integrity": "sha1-0mCiSwGYQ24TP6JqUkptZfo7Ljc=",
      "license": "(MIT OR CC0-1.0)",
      "engines": {
        "node": ">=10"
      },
      "funding": {
        "url": "https://github.com/sponsors/sindresorhus"
      }
    },
    "node_modules/universalify": {
      "version": "1.0.0",
      "resolved": "http://registry.npm.baidu-int.com/universalify/-/universalify-1.0.0.tgz",
      "integrity": "sha1-thodoXPoQ1sv48Z9Kbmt+FlL0W0=",
      "license": "MIT",
      "engines": {
        "node": ">= 10.0.0"
      }
    },
    "node_modules/user-home": {
      "version": "3.0.0",
      "resolved": "http://registry.npm.baidu-int.com/user-home/-/user-home-3.0.0.tgz",
      "integrity": "sha512-kHp9sWxeB+EVTcVytDrGLVKgVVN1LoLiIZTwCDcvYNjIu9q7tUOXZoTv0mXjmvFvUju4J9v+RkFGHdTMx8ncmQ==",
      "deprecated": "Deprecated. Just use `import {homedir} from os;`.",
      "license": "MIT",
      "dependencies": {
        "os-homedir": "^1.0.0"
      },
      "engines": {
        "node": ">=0.10.0"
      }
    },
    "node_modules/wrappy": {
      "version": "1.0.2",
      "resolved": "http://registry.npm.baidu-int.com/wrappy/-/wrappy-1.0.2.tgz",
      "integrity": "sha1-tSQ9jz7BqjXxNkYFvA0QNuMKtp8=",
      "license": "ISC"
    },
    "node_modules/yallist": {
      "version": "4.0.0",
      "resolved": "http://registry.npm.baidu-int.com/yallist/-/yallist-4.0.0.tgz",
      "integrity": "sha1-m7knkNnA7/7GO+c1GeEaNQGaOnI=",
      "license": "ISC"
    }
  }
}
