{
  "name": "@hxl-cli/core",
  "version": "0.0.2",
  "lockfileVersion": 3,
  "requires": true,
  "packages": {
    "": {
      "name": "@hxl-cli/core",
      "version": "0.0.2",
      "license": "ISC",
      "dependencies": {
        "@hxl-cli/exce": "file:../exec",
        "@hxl-cli/get-npm-info": "file:../../utils/get-npm-info",
        "@hxl-cli/init": "file:../../commands/init",
        "@hxl-cli/log": "file:../../utils/log",
        "colors": "^1.4.0",
        "commander": "^12.0.0",
        "dotenv": "^16.4.5",
        "import-local": "^3.1.0",
        "minimist": "^1.2.8",
        "path-exists": "^5.0.0",
        "root-check": "^2.0.0",
        "semver": "^7.6.0",
        "user-home": "^3.0.0"
      }
    },
    "../../commands/init": {
      "version": "0.0.1",
      "license": "ISC"
    },
    "../../utils/get-npm-info": {
      "version": "0.0.1",
      "license": "ISC",
      "dependencies": {
        "axios": "^1.6.8",
        "semver": "^7.6.0",
        "url-join": "^5.0.0"
      }
    },
    "../../utils/log": {
      "name": "@hxl-cli/log",
      "version": "0.0.1",
      "license": "ISC",
      "devDependencies": {
        "npmlog": "^7.0.1"
      }
    },
    "../exec": {
      "name": "@hxl-cli/exec",
      "version": "0.0.1",
      "license": "ISC",
      "dependencies": {
        "@hxl-cli/log": "file:../../utils/log",
        "@hxl-cli/package": "file:../../models/package"
      }
    },
    "node_modules/@hxl-cli/exce": {
      "resolved": "../exec",
      "link": true
    },
    "node_modules/@hxl-cli/get-npm-info": {
      "resolved": "../../utils/get-npm-info",
      "link": true
    },
    "node_modules/@hxl-cli/init": {
      "resolved": "../../commands/init",
      "link": true
    },
    "node_modules/@hxl-cli/log": {
      "resolved": "../../utils/log",
      "link": true
    },
    "node_modules/ansi-styles": {
      "version": "4.3.0",
      "resolved": "http://registry.npm.baidu-int.com/ansi-styles/-/ansi-styles-4.3.0.tgz",
      "integrity": "sha512-zbB9rCJAT1rbjiVDb2hqKFHNYLxgtk8NURxZ3IZwD3F6NtxbXZQCnnSi1Lkx+IDohdPlFp222wVALIheZJQSEg==",
      "license": "MIT",
      "dependencies": {
        "color-convert": "^2.0.1"
      },
      "engines": {
        "node": ">=8"
      },
      "funding": {
        "url": "https://github.com/chalk/ansi-styles?sponsor=1"
      }
    },
    "node_modules/chalk": {
      "version": "4.1.2",
      "resolved": "http://registry.npm.baidu-int.com/chalk/-/chalk-4.1.2.tgz",
      "integrity": "sha512-oKnbhFyRIXpUuez8iBMmyEa4nbj4IOQyuhc/wy9kY7/WVPcwIO9VA668Pu8RkO7+0G76SLROeyw9CpQ061i4mA==",
      "license": "MIT",
      "dependencies": {
        "ansi-styles": "^4.1.0",
        "supports-color": "^7.1.0"
      },
      "engines": {
        "node": ">=10"
      },
      "funding": {
        "url": "https://github.com/chalk/chalk?sponsor=1"
      }
    },
    "node_modules/color-convert": {
      "version": "2.0.1",
      "resolved": "http://registry.npm.baidu-int.com/color-convert/-/color-convert-2.0.1.tgz",
      "integrity": "sha1-ctOmjVmMm9s68q0ehPIdiWq9TeM=",
      "license": "MIT",
      "dependencies": {
        "color-name": "~1.1.4"
      },
      "engines": {
        "node": ">=7.0.0"
      }
    },
    "node_modules/color-name": {
      "version": "1.1.4",
      "resolved": "http://registry.npm.baidu-int.com/color-name/-/color-name-1.1.4.tgz",
      "integrity": "sha1-wqCah6y95pVD3m9j+jmVyCbFNqI=",
      "license": "MIT"
    },
    "node_modules/colors": {
      "version": "1.4.0",
      "resolved": "http://registry.npm.baidu-int.com/colors/-/colors-1.4.0.tgz",
      "integrity": "sha512-a+UqTh4kgZg/SlGvfbzDHpgRu7AAQOmmqRHJnxhRZICKFUT91brVhNNt58CMWU9PsBbv3PDCZUHbVxuDiH2mtA==",
      "license": "MIT",
      "engines": {
        "node": ">=0.1.90"
      }
    },
    "node_modules/commander": {
      "version": "12.0.0",
      "resolved": "http://registry.npm.baidu-int.com/commander/-/commander-12.0.0.tgz",
      "integrity": "sha512-MwVNWlYjDTtOjX5PiD7o5pK0UrFU/OYgcJfjjK4RaHZETNtjJqrZa9Y9ds88+A+f+d5lv+561eZ+yCKoS3gbAA==",
      "engines": {
        "node": ">=18"
      }
    },
    "node_modules/default-uid": {
      "version": "2.0.0",
      "resolved": "http://registry.npm.baidu-int.com/default-uid/-/default-uid-2.0.0.tgz",
      "integrity": "sha512-aMYTP7vinmUN/dR5n9JUNCB85jy+N+41jx53lMzR6DyGE6NeVPIxCPGbWjDYVNjz6Ei8C9hyeYAfuxVOe3UdsQ==",
      "license": "MIT",
      "engines": {
        "node": ">=12"
      },
      "funding": {
        "url": "https://github.com/sponsors/sindresorhus"
      }
    },
    "node_modules/dotenv": {
      "version": "16.4.5",
      "resolved": "http://registry.npm.baidu-int.com/dotenv/-/dotenv-16.4.5.tgz",
      "integrity": "sha512-ZmdL2rui+eB2YwhsWzjInR8LldtZHGDoQ1ugH85ppHKwpUHL7j7rN0Ti9NCnGiQbhaZ11FpR+7ao1dNsmduNUg==",
      "engines": {
        "node": ">=12"
      }
    },
    "node_modules/downgrade-root": {
      "version": "2.0.0",
      "resolved": "http://registry.npm.baidu-int.com/downgrade-root/-/downgrade-root-2.0.0.tgz",
      "integrity": "sha512-tke0knZzG76FThh9diBex027u3qsoXv6PKZDva1fsEuqlzlstkcyoJgdHE/wQc2nBU1rnUcmhMUnQA3gucXc0Q==",
      "license": "MIT",
      "dependencies": {
        "default-uid": "^2.0.0",
        "is-root": "^3.0.0"
      },
      "engines": {
        "node": ">=12"
      },
      "funding": {
        "url": "https://github.com/sponsors/sindresorhus"
      }
    },
    "node_modules/find-up": {
      "version": "4.1.0",
      "resolved": "http://registry.npm.baidu-int.com/find-up/-/find-up-4.1.0.tgz",
      "integrity": "sha1-l6/n1s3AvFkoWEt8jXsW6KmqXRk=",
      "license": "MIT",
      "dependencies": {
        "locate-path": "^5.0.0",
        "path-exists": "^4.0.0"
      },
      "engines": {
        "node": ">=8"
      }
    },
    "node_modules/find-up/node_modules/path-exists": {
      "version": "4.0.0",
      "resolved": "http://registry.npm.baidu-int.com/path-exists/-/path-exists-4.0.0.tgz",
      "integrity": "sha1-UTvb4tO5XXdi6METfvoZXGxhtbM=",
      "license": "MIT",
      "engines": {
        "node": ">=8"
      }
    },
    "node_modules/has-flag": {
      "version": "4.0.0",
      "resolved": "http://registry.npm.baidu-int.com/has-flag/-/has-flag-4.0.0.tgz",
      "integrity": "sha1-lEdx/ZyByBJlxNaUGGDaBrtZR5s=",
      "license": "MIT",
      "engines": {
        "node": ">=8"
      }
    },
    "node_modules/import-local": {
      "version": "3.1.0",
      "resolved": "http://registry.npm.baidu-int.com/import-local/-/import-local-3.1.0.tgz",
      "integrity": "sha512-ASB07uLtnDs1o6EHjKpX34BKYDSqnFerfTOJL2HvMqF70LnxpjkzDB8J44oT9pu4AMPkQwf8jl6szgvNd2tRIg==",
      "license": "MIT",
      "dependencies": {
        "pkg-dir": "^4.2.0",
        "resolve-cwd": "^3.0.0"
      },
      "bin": {
        "import-local-fixture": "fixtures/cli.js"
      },
      "engines": {
        "node": ">=8"
      },
      "funding": {
        "url": "https://github.com/sponsors/sindresorhus"
      }
    },
    "node_modules/is-docker": {
      "version": "2.2.1",
      "resolved": "http://registry.npm.baidu-int.com/is-docker/-/is-docker-2.2.1.tgz",
      "integrity": "sha1-M+6r4jz+hvFL3kQIoCwM+4U6zao=",
      "license": "MIT",
      "bin": {
        "is-docker": "cli.js"
      },
      "engines": {
        "node": ">=8"
      },
      "funding": {
        "url": "https://github.com/sponsors/sindresorhus"
      }
    },
    "node_modules/is-root": {
      "version": "3.0.0",
      "resolved": "http://registry.npm.baidu-int.com/is-root/-/is-root-3.0.0.tgz",
      "integrity": "sha512-C13bL54yQdgniduW8KFe81ttgQINcwMgil/zyNuDzr/xjIyDMkcvcc9dON62RH9VBAHOI7le+lTo/U3PY3irwg==",
      "license": "MIT",
      "engines": {
        "node": ">=12"
      },
      "funding": {
        "url": "https://github.com/sponsors/sindresorhus"
      }
    },
    "node_modules/locate-path": {
      "version": "5.0.0",
      "resolved": "http://registry.npm.baidu-int.com/locate-path/-/locate-path-5.0.0.tgz",
      "integrity": "sha1-Gvujlq/WdqbUJQTQpno6frn2KqA=",
      "license": "MIT",
      "dependencies": {
        "p-locate": "^4.1.0"
      },
      "engines": {
        "node": ">=8"
      }
    },
    "node_modules/lru-cache": {
      "version": "6.0.0",
      "resolved": "http://registry.npm.baidu-int.com/lru-cache/-/lru-cache-6.0.0.tgz",
      "integrity": "sha1-bW/mVw69lqr5D8rR2vo7JWbbOpQ=",
      "license": "ISC",
      "dependencies": {
        "yallist": "^4.0.0"
      },
      "engines": {
        "node": ">=10"
      }
    },
    "node_modules/minimist": {
      "version": "1.2.8",
      "resolved": "http://registry.npm.baidu-int.com/minimist/-/minimist-1.2.8.tgz",
      "integrity": "sha512-2yyAR8qBkN3YuheJanUpWC5U3bb5osDywNB8RzDVlDwDHbocAJveqqj1u8+SVD7jkWT4yvsHCpWqqWqAxb0zCA=="
    },
    "node_modules/os-homedir": {
      "version": "1.0.2",
      "resolved": "http://registry.npm.baidu-int.com/os-homedir/-/os-homedir-1.0.2.tgz",
      "integrity": "sha512-B5JU3cabzk8c67mRRd3ECmROafjYMXbuzlwtqdM8IbS8ktlTix8aFGb2bAGKrSRIlnfKwovGUUr72JUPyOb6kQ==",
      "license": "MIT",
      "engines": {
        "node": ">=0.10.0"
      }
    },
    "node_modules/p-limit": {
      "version": "2.3.0",
      "resolved": "http://registry.npm.baidu-int.com/p-limit/-/p-limit-2.3.0.tgz",
      "integrity": "sha1-PdM8ZHohT9//2DWTPrCG2g3CHbE=",
      "license": "MIT",
      "dependencies": {
        "p-try": "^2.0.0"
      },
      "engines": {
        "node": ">=6"
      },
      "funding": {
        "url": "https://github.com/sponsors/sindresorhus"
      }
    },
    "node_modules/p-locate": {
      "version": "4.1.0",
      "resolved": "http://registry.npm.baidu-int.com/p-locate/-/p-locate-4.1.0.tgz",
      "integrity": "sha1-o0KLtwiLOmApL2aRkni3wpetTwc=",
      "license": "MIT",
      "dependencies": {
        "p-limit": "^2.2.0"
      },
      "engines": {
        "node": ">=8"
      }
    },
    "node_modules/p-try": {
      "version": "2.2.0",
      "resolved": "http://registry.npm.baidu-int.com/p-try/-/p-try-2.2.0.tgz",
      "integrity": "sha1-yyhoVA4xPWHeWPr741zpAE1VQOY=",
      "license": "MIT",
      "engines": {
        "node": ">=6"
      }
    },
    "node_modules/path-exists": {
      "version": "5.0.0",
      "resolved": "http://registry.npm.baidu-int.com/path-exists/-/path-exists-5.0.0.tgz",
      "integrity": "sha1-pqrZSJIAsh+rMeSc8JJ35RFvuec=",
      "license": "MIT",
      "engines": {
        "node": "^12.20.0 || ^14.13.1 || >=16.0.0"
      }
    },
    "node_modules/pkg-dir": {
      "version": "4.2.0",
      "resolved": "http://registry.npm.baidu-int.com/pkg-dir/-/pkg-dir-4.2.0.tgz",
      "integrity": "sha1-8JkTPfft5CLoHR2ESCcO6z5CYfM=",
      "license": "MIT",
      "dependencies": {
        "find-up": "^4.0.0"
      },
      "engines": {
        "node": ">=8"
      }
    },
    "node_modules/resolve-cwd": {
      "version": "3.0.0",
      "resolved": "http://registry.npm.baidu-int.com/resolve-cwd/-/resolve-cwd-3.0.0.tgz",
      "integrity": "sha1-DwB18bslRHZs9zumpuKt/ryxPy0=",
      "license": "MIT",
      "dependencies": {
        "resolve-from": "^5.0.0"
      },
      "engines": {
        "node": ">=8"
      }
    },
    "node_modules/resolve-from": {
      "version": "5.0.0",
      "resolved": "http://registry.npm.baidu-int.com/resolve-from/-/resolve-from-5.0.0.tgz",
      "integrity": "sha1-w1IlhD3493bfIcV1V7wIfp39/Gk=",
      "license": "MIT",
      "engines": {
        "node": ">=8"
      }
    },
    "node_modules/root-check": {
      "version": "2.0.0",
      "resolved": "http://registry.npm.baidu-int.com/root-check/-/root-check-2.0.0.tgz",
      "integrity": "sha512-r9sl0ZLw27mJHTluboMNs345zqeRkIEthbrK2/1pSnl86XZGrNh58X4LqlS8EIViuOxZzjjvSoeIa7Q7OegrMA==",
      "license": "MIT",
      "dependencies": {
        "downgrade-root": "^2.0.0",
        "sudo-block": "^4.0.0"
      },
      "engines": {
        "node": ">=12"
      },
      "funding": {
        "url": "https://github.com/sponsors/sindresorhus"
      }
    },
    "node_modules/semver": {
      "version": "7.6.0",
      "resolved": "http://registry.npm.baidu-int.com/semver/-/semver-7.6.0.tgz",
      "integrity": "sha512-EnwXhrlwXMk9gKu5/flx5sv/an57AkRplG3hTK68W7FRDN+k+OWBj65M7719OkA82XLBxrcX0KSHj+X5COhOVg==",
      "dependencies": {
        "lru-cache": "^6.0.0"
      },
      "bin": {
        "semver": "bin/semver.js"
      },
      "engines": {
        "node": ">=10"
      }
    },
    "node_modules/sudo-block": {
      "version": "4.0.0",
      "resolved": "http://registry.npm.baidu-int.com/sudo-block/-/sudo-block-4.0.0.tgz",
      "integrity": "sha512-bjCE4CcLPEX7K9aCOc9Z4iyNmi1bgEcjS11DU20IbhjxiY2CHwxP7Dy+JlXlGHRq47+wmVr8zmixfELWq+hKBQ==",
      "license": "MIT",
      "dependencies": {
        "chalk": "^4.1.1",
        "is-docker": "^2.2.1",
        "is-root": "^3.0.0"
      },
      "engines": {
        "node": ">=12"
      },
      "funding": {
        "url": "https://github.com/sponsors/sindresorhus"
      }
    },
    "node_modules/supports-color": {
      "version": "7.2.0",
      "resolved": "http://registry.npm.baidu-int.com/supports-color/-/supports-color-7.2.0.tgz",
      "integrity": "sha1-G33NyzK4E4gBs+R4umpRyqiWSNo=",
      "license": "MIT",
      "dependencies": {
        "has-flag": "^4.0.0"
      },
      "engines": {
        "node": ">=8"
      }
    },
    "node_modules/user-home": {
      "version": "3.0.0",
      "resolved": "http://registry.npm.baidu-int.com/user-home/-/user-home-3.0.0.tgz",
      "integrity": "sha512-kHp9sWxeB+EVTcVytDrGLVKgVVN1LoLiIZTwCDcvYNjIu9q7tUOXZoTv0mXjmvFvUju4J9v+RkFGHdTMx8ncmQ==",
      "deprecated": "Deprecated. Just use `import {homedir} from os;`.",
      "license": "MIT",
      "dependencies": {
        "os-homedir": "^1.0.0"
      },
      "engines": {
        "node": ">=0.10.0"
      }
    },
    "node_modules/yallist": {
      "version": "4.0.0",
      "resolved": "http://registry.npm.baidu-int.com/yallist/-/yallist-4.0.0.tgz",
      "integrity": "sha1-m7knkNnA7/7GO+c1GeEaNQGaOnI=",
      "license": "ISC"
    }
  }
}
