{
  "name": "@hxl-cli/exec",
  "version": "0.0.6",
  "lockfileVersion": 3,
  "requires": true,
  "packages": {
    "": {
      "name": "@hxl-cli/exec",
      "version": "0.0.6",
      "license": "ISC",
      "dependencies": {
        "@hxl-cli/log": "file:../../utils/log",
        "@hxl-cli/package": "file:../../models/package"
      }
    },
    "../../models/package": {
      "name": "@hxl-cli/package",
      "version": "0.0.6",
      "license": "ISC",
      "dependencies": {
        "@hxl-cli/format-path": "file:../../utils/format-path",
        "@hxl-cli/get-npm-info": "file:../../utils/get-npm-info",
        "@hxl-cli/utils": "file:../../utils/utils",
        "fs-extra": "^11.2.0",
        "npminstall": "^7.12.0",
        "path-exists": "^4.0.0",
        "pkg-dir": "^5.0.0"
      }
    },
    "../../utils/log": {
      "name": "@hxl-cli/log",
      "version": "0.0.6",
      "license": "ISC",
      "devDependencies": {
        "npmlog": "^7.0.1"
      }
    },
    "node_modules/@hxl-cli/log": {
      "resolved": "../../utils/log",
      "link": true
    },
    "node_modules/@hxl-cli/package": {
      "resolved": "../../models/package",
      "link": true
    }
  }
}
